{
  "nodes": {
    "agenix": {
      "inputs": {
        "darwin": [],
        "home-manager": "home-manager",
        "nixpkgs": "nixpkgs",
        "systems": "systems"
      },
      "locked": {
        "lastModified": 1745630506,
        "narHash": "sha256-bHCFgGeu8XjWlVuaWzi3QONjDW3coZDqSHvnd4l7xus=",
        "owner": "ryantm",
        "repo": "agenix",
        "rev": "96e078c646b711aee04b82ba01aefbff87004ded",
        "type": "github"
      },
      "original": {
        "owner": "ryantm",
        "repo": "agenix",
        "type": "github"
      }
    },
    "catppuccin": {
      "inputs": {
        "nixpkgs": "nixpkgs_2"
      },
      "locked": {
        "lastModified": 1746175539,
        "narHash": "sha256-/wjcn1CDQqOhwOoYKS8Xp0KejrdXSJZQMF1CbbrVtMw=",
        "owner": "catppuccin",
        "repo": "nix",
        "rev": "a5db9e41a4dccfa5ffe38e6f1841a5f9ad5c5c04",
        "type": "github"
      },
      "original": {
        "owner": "catppuccin",
        "repo": "nix",
        "type": "github"
      }
    },
    "chaotic": {
      "inputs": {
        "fenix": "fenix",
        "flake-schemas": "flake-schemas",
        "home-manager": "home-manager_2",
        "jovian": "jovian",
        "nixpkgs": "nixpkgs_3"
      },
      "locked": {
        "lastModified": 1746393392,
        "narHash": "sha256-pXPlbcEBRX5X3VodtXQlqHjmnTDbWFpfpZBeoDQibE4=",
        "owner": "chaotic-cx",
        "repo": "nyx",
        "rev": "00ad833cbada57424d273a4791a0435fd490b09e",
        "type": "github"
      },
      "original": {
        "owner": "chaotic-cx",
        "ref": "nyxpkgs-unstable",
        "repo": "nyx",
        "type": "github"
      }
    },
    "disko": {
      "inputs": {
        "nixpkgs": [
          "nixpkgs"
        ]
      },
      "locked": {
        "lastModified": 1746411114,
        "narHash": "sha256-mLlkVX1kKbAa/Ns5u26wDYw4YW4ziMFM21fhtRmfirU=",
        "owner": "nix-community",
        "repo": "disko",
        "rev": "b5d1320ebc2f34dbea4655f95167f55e2130cdb3",
        "type": "github"
      },
      "original": {
        "owner": "nix-community",
        "repo": "disko",
        "type": "github"
      }
    },
    "encore": {
      "inputs": {
        "nixpkgs": [
          "nixpkgs"
        ]
      },
      "locked": {
        "lastModified": 1746457901,
        "narHash": "sha256-C+VjgV4g20zTKSFMCRO1YhjxOgyNjbZcmiZqDc5X/xY=",
        "owner": "encoredev",
        "repo": "encore-flake",
        "rev": "63ce10ee818089bf48f8a9b4c6a776d460e8bcc1",
        "type": "github"
      },
      "original": {
        "owner": "encoredev",
        "repo": "encore-flake",
        "type": "github"
      }
    },
    "fenix": {
      "inputs": {
        "nixpkgs": [
          "chaotic",
          "nixpkgs"
        ],
        "rust-analyzer-src": "rust-analyzer-src"
      },
      "locked": {
        "lastModified": 1745995211,
        "narHash": "sha256-hf6Xu3KS06WyE/3dqV96iLGx3jIYQq9e68iCEFHrt04=",
        "owner": "nix-community",
        "repo": "fenix",
        "rev": "0db04339c4e4c0fd42dbbaebe3590a67cbd12aa3",
        "type": "github"
      },
      "original": {
        "owner": "nix-community",
        "repo": "fenix",
        "type": "github"
      }
    },
    "flake-compat": {
      "flake": false,
      "locked": {
        "lastModified": 1733328505,
        "narHash": "sha256-NeCCThCEP3eCl2l/+27kNNK7QrwZB1IJCrXfrbv5oqU=",
        "owner": "edolstra",
        "repo": "flake-compat",
        "rev": "ff81ac966bb2cae68946d5ed5fc4994f96d0ffec",
        "type": "github"
      },
      "original": {
        "owner": "edolstra",
        "repo": "flake-compat",
        "type": "github"
      }
    },
    "flake-compat_2": {
      "flake": false,
      "locked": {
        "lastModified": 1733328505,
        "narHash": "sha256-NeCCThCEP3eCl2l/+27kNNK7QrwZB1IJCrXfrbv5oqU=",
        "owner": "edolstra",
        "repo": "flake-compat",
        "rev": "ff81ac966bb2cae68946d5ed5fc4994f96d0ffec",
        "type": "github"
      },
      "original": {
        "owner": "edolstra",
        "repo": "flake-compat",
        "type": "github"
      }
    },
    "flake-parts": {
      "inputs": {
        "nixpkgs-lib": "nixpkgs-lib"
      },
      "locked": {
        "lastModified": 1743550720,
        "narHash": "sha256-hIshGgKZCgWh6AYJpJmRgFdR3WUbkY04o82X05xqQiY=",
        "owner": "hercules-ci",
        "repo": "flake-parts",
        "rev": "c621e8422220273271f52058f618c94e405bb0f5",
        "type": "github"
      },
      "original": {
        "owner": "hercules-ci",
        "repo": "flake-parts",
        "type": "github"
      }
    },
    "flake-parts_2": {
      "inputs": {
        "nixpkgs-lib": [
          "nixvim",
          "nixpkgs"
        ]
      },
      "locked": {
        "lastModified": 1743550720,
        "narHash": "sha256-hIshGgKZCgWh6AYJpJmRgFdR3WUbkY04o82X05xqQiY=",
        "owner": "hercules-ci",
        "repo": "flake-parts",
        "rev": "c621e8422220273271f52058f618c94e405bb0f5",
        "type": "github"
      },
      "original": {
        "owner": "hercules-ci",
        "repo": "flake-parts",
        "type": "github"
      }
    },
    "flake-parts_3": {
      "inputs": {
        "nixpkgs-lib": [
          "nur",
          "nixpkgs"
        ]
      },
      "locked": {
        "lastModified": 1733312601,
        "narHash": "sha256-4pDvzqnegAfRkPwO3wmwBhVi/Sye1mzps0zHWYnP88c=",
        "owner": "hercules-ci",
        "repo": "flake-parts",
        "rev": "205b12d8b7cd4802fbcb8e8ef6a0f1408781a4f9",
        "type": "github"
      },
      "original": {
        "owner": "hercules-ci",
        "repo": "flake-parts",
        "type": "github"
      }
    },
    "flake-parts_4": {
      "inputs": {
        "nixpkgs-lib": "nixpkgs-lib_2"
      },
      "locked": {
        "lastModified": 1743550720,
        "narHash": "sha256-hIshGgKZCgWh6AYJpJmRgFdR3WUbkY04o82X05xqQiY=",
        "owner": "hercules-ci",
        "repo": "flake-parts",
        "rev": "c621e8422220273271f52058f618c94e405bb0f5",
        "type": "github"
      },
      "original": {
        "owner": "hercules-ci",
        "repo": "flake-parts",
        "type": "github"
      }
    },
    "flake-parts_5": {
      "inputs": {
        "nixpkgs-lib": [
          "nxchad",
          "nixvim",
          "nixpkgs"
        ]
      },
      "locked": {
        "lastModified": 1743550720,
        "narHash": "sha256-hIshGgKZCgWh6AYJpJmRgFdR3WUbkY04o82X05xqQiY=",
        "owner": "hercules-ci",
        "repo": "flake-parts",
        "rev": "c621e8422220273271f52058f618c94e405bb0f5",
        "type": "github"
      },
      "original": {
        "owner": "hercules-ci",
        "repo": "flake-parts",
        "type": "github"
      }
    },
    "flake-schemas": {
      "locked": {
        "lastModified": 1721999734,
        "narHash": "sha256-G5CxYeJVm4lcEtaO87LKzOsVnWeTcHGKbKxNamNWgOw=",
        "rev": "0a5c42297d870156d9c57d8f99e476b738dcd982",
        "revCount": 75,
        "type": "tarball",
        "url": "https://api.flakehub.com/f/pinned/DeterminateSystems/flake-schemas/0.1.5/0190ef2f-61e0-794b-ba14-e82f225e55e6/source.tar.gz"
      },
      "original": {
        "type": "tarball",
        "url": "https://flakehub.com/f/DeterminateSystems/flake-schemas/%3D0.1.5.tar.gz"
      }
    },
    "flake-utils": {
      "inputs": {
        "systems": "systems_2"
      },
      "locked": {
        "lastModified": 1731533236,
        "narHash": "sha256-l0KFg5HjrsfsO/JpG+r7fRrqm12kzFHyUHqHCVpMMbI=",
        "owner": "numtide",
        "repo": "flake-utils",
        "rev": "11707dc2f618dd54ca8739b309ec4fc024de578b",
        "type": "github"
      },
      "original": {
        "owner": "numtide",
        "repo": "flake-utils",
        "type": "github"
      }
    },
    "flake-utils_2": {
      "inputs": {
        "systems": "systems_4"
      },
      "locked": {
        "lastModified": 1731533236,
        "narHash": "sha256-l0KFg5HjrsfsO/JpG+r7fRrqm12kzFHyUHqHCVpMMbI=",
        "owner": "numtide",
        "repo": "flake-utils",
        "rev": "11707dc2f618dd54ca8739b309ec4fc024de578b",
        "type": "github"
      },
      "original": {
        "owner": "numtide",
        "repo": "flake-utils",
        "type": "github"
      }
    },
    "flake-utils_3": {
      "inputs": {
        "systems": "systems_5"
      },
      "locked": {
        "lastModified": 1731533236,
        "narHash": "sha256-l0KFg5HjrsfsO/JpG+r7fRrqm12kzFHyUHqHCVpMMbI=",
        "owner": "numtide",
        "repo": "flake-utils",
        "rev": "11707dc2f618dd54ca8739b309ec4fc024de578b",
        "type": "github"
      },
      "original": {
        "owner": "numtide",
        "repo": "flake-utils",
        "type": "github"
      }
    },
    "fmpkgs": {
      "inputs": {
        "flake-utils": "flake-utils",
        "nixpkgs": "nixpkgs_4"
      },
      "locked": {
        "lastModified": 1746744307,
        "narHash": "sha256-rHQGuAvsq7X0yHp3ToogaVDRUkYmg1rINplo/0CoMlE=",
        "owner": "fmway",
        "repo": "fmpkgs",
        "rev": "11a215d3cfa232a0b6c7f18d54fc83b090ef0c02",
        "type": "github"
      },
      "original": {
        "owner": "fmway",
        "ref": "master",
        "repo": "fmpkgs",
        "type": "github"
      }
    },
    "fmway-nix": {
      "inputs": {
        "flake-compat": "flake-compat",
        "infuse-nix": "infuse-nix",
        "nixpkgs": [
          "nixpkgs"
        ]
      },
      "locked": {
        "lastModified": 1746793727,
        "narHash": "sha256-pnPH9pAWpNKniFygv+4XZjFTLbykjyVfgu0kAD7CYlQ=",
        "owner": "fmway",
        "repo": "fmway.nix",
        "rev": "56d92ad5d12c214b323455bb24d83a5fd6cc65e2",
        "type": "github"
      },
      "original": {
        "owner": "fmway",
        "repo": "fmway.nix",
        "type": "github"
      }
    },
    "fmway-nix_2": {
      "inputs": {
        "flake-compat": "flake-compat_2",
        "infuse-nix": "infuse-nix_2",
        "nixpkgs": "nixpkgs_7"
      },
      "locked": {
        "lastModified": 1746793727,
        "narHash": "sha256-pnPH9pAWpNKniFygv+4XZjFTLbykjyVfgu0kAD7CYlQ=",
        "owner": "fmway",
        "repo": "fmway.nix",
        "rev": "56d92ad5d12c214b323455bb24d83a5fd6cc65e2",
        "type": "github"
      },
      "original": {
        "owner": "fmway",
        "repo": "fmway.nix",
        "type": "github"
      }
    },
    "h-m-m": {
      "inputs": {
        "nixpkgs": [
          "nixpkgs"
        ],
        "systems": "systems_3"
      },
      "locked": {
        "lastModified": 1745345701,
        "narHash": "sha256-BxVbsAf+RPY7qwhYclW7L4WEvDcum93LLcpQZAlGoks=",
        "owner": "nadrad",
        "repo": "h-m-m",
        "rev": "a797656673ee6116ce964459c3bb5bbc319a2208",
        "type": "github"
      },
      "original": {
        "owner": "nadrad",
        "repo": "h-m-m",
        "type": "github"
      }
    },
    "home-manager": {
      "inputs": {
        "nixpkgs": [
          "agenix",
          "nixpkgs"
        ]
      },
      "locked": {
        "lastModified": 1745494811,
        "narHash": "sha256-YZCh2o9Ua1n9uCvrvi5pRxtuVNml8X2a03qIFfRKpFs=",
        "owner": "nix-community",
        "repo": "home-manager",
        "rev": "abfad3d2958c9e6300a883bd443512c55dfeb1be",
        "type": "github"
      },
      "original": {
        "owner": "nix-community",
        "repo": "home-manager",
        "type": "github"
      }
    },
    "home-manager_2": {
      "inputs": {
        "nixpkgs": [
          "chaotic",
          "nixpkgs"
        ]
      },
      "locked": {
        "lastModified": 1745987135,
        "narHash": "sha256-8Up4QPuMZEJBU0eefAY+nUe7DYKQQzvaHnMpNdwRgKA=",
        "owner": "nix-community",
        "repo": "home-manager",
        "rev": "d2b3e6c83d457aa0e7f9344c61c3fed32bad0f7e",
        "type": "github"
      },
      "original": {
        "owner": "nix-community",
        "repo": "home-manager",
        "type": "github"
      }
    },
    "home-manager_3": {
      "inputs": {
        "nixpkgs": [
          "nixpkgs"
        ]
      },
      "locked": {
        "lastModified": 1746413188,
        "narHash": "sha256-i6BoiQP0PasExESQHszC0reQHfO6D4aI2GzOwZMOI20=",
        "owner": "nix-community",
        "repo": "home-manager",
        "rev": "8a318641ac13d3bc0a53651feaee9560f9b2d89a",
        "type": "github"
      },
      "original": {
        "owner": "nix-community",
        "ref": "master",
        "repo": "home-manager",
        "type": "github"
      }
    },
    "infuse-nix": {
      "flake": false,
      "locked": {
        "lastModified": 1738726976,
        "narHash": "sha256-N+u3vnK3zyXLUuDj/vr62r9tM7uarhKVCaLHWxjo/YY=",
        "ref": "refs/heads/trunk",
        "rev": "c8fb7397039215e1444c835e36a0da7dc3c743f8",
        "revCount": 48,
        "type": "git",
        "url": "https://codeberg.org/amjoseph/infuse.nix"
      },
      "original": {
        "type": "git",
        "url": "https://codeberg.org/amjoseph/infuse.nix"
      }
    },
    "infuse-nix_2": {
      "flake": false,
      "locked": {
        "lastModified": 1738726976,
        "narHash": "sha256-N+u3vnK3zyXLUuDj/vr62r9tM7uarhKVCaLHWxjo/YY=",
        "ref": "refs/heads/trunk",
        "rev": "c8fb7397039215e1444c835e36a0da7dc3c743f8",
        "revCount": 48,
        "type": "git",
        "url": "https://codeberg.org/amjoseph/infuse.nix"
      },
      "original": {
        "type": "git",
        "url": "https://codeberg.org/amjoseph/infuse.nix"
      }
    },
    "ixx": {
      "inputs": {
        "flake-utils": [
          "nixvim",
          "nuschtosSearch",
          "flake-utils"
        ],
        "nixpkgs": [
          "nixvim",
          "nuschtosSearch",
          "nixpkgs"
        ]
      },
      "locked": {
        "lastModified": 1737371634,
        "narHash": "sha256-fTVAWzT1UMm1lT+YxHuVPtH+DATrhYfea3B0MxG/cGw=",
        "owner": "NuschtOS",
        "repo": "ixx",
        "rev": "a1176e2a10ce745ff8f63e4af124ece8fe0b1648",
        "type": "github"
      },
      "original": {
        "owner": "NuschtOS",
        "ref": "v0.0.7",
        "repo": "ixx",
        "type": "github"
      }
    },
    "ixx_2": {
      "inputs": {
        "flake-utils": [
          "nxchad",
          "nixvim",
          "nuschtosSearch",
          "flake-utils"
        ],
        "nixpkgs": [
          "nxchad",
          "nixvim",
          "nuschtosSearch",
          "nixpkgs"
        ]
      },
      "locked": {
        "lastModified": 1737371634,
        "narHash": "sha256-fTVAWzT1UMm1lT+YxHuVPtH+DATrhYfea3B0MxG/cGw=",
        "owner": "NuschtOS",
        "repo": "ixx",
        "rev": "a1176e2a10ce745ff8f63e4af124ece8fe0b1648",
        "type": "github"
      },
      "original": {
        "owner": "NuschtOS",
        "ref": "v0.0.7",
        "repo": "ixx",
        "type": "github"
      }
    },
    "jovian": {
      "inputs": {
        "nix-github-actions": "nix-github-actions",
        "nixpkgs": [
          "chaotic",
          "nixpkgs"
        ]
      },
      "locked": {
        "lastModified": 1745487384,
        "narHash": "sha256-WvQ4XXi0vMtEpPqhfo8ztxjeaeHkbW5tfR4O5+w8r5U=",
        "owner": "Jovian-Experiments",
        "repo": "Jovian-NixOS",
        "rev": "0168e4a65c9d43c22ac38ff27f5fa31c7d535148",
        "type": "github"
      },
      "original": {
        "owner": "Jovian-Experiments",
        "repo": "Jovian-NixOS",
        "type": "github"
      }
    },
    "master": {
      "locked": {
        "lastModified": 1746480670,
        "narHash": "sha256-0NMx/qjS6U7yrd9Zip6qPV0yIb6dc3Jk+sxyPLN6J/4=",
        "owner": "NixOS",
        "repo": "nixpkgs",
        "rev": "63987a184e4ca608fda9e1e1f3c595d01f84fcda",
        "type": "github"
      },
      "original": {
        "owner": "NixOS",
        "repo": "nixpkgs",
        "type": "github"
      }
    },
    "nix-github-actions": {
      "inputs": {
        "nixpkgs": [
          "chaotic",
          "jovian",
          "nixpkgs"
        ]
      },
      "locked": {
        "lastModified": 1729697500,
        "narHash": "sha256-VFTWrbzDlZyFHHb1AlKRiD/qqCJIripXKiCSFS8fAOY=",
        "owner": "zhaofengli",
        "repo": "nix-github-actions",
        "rev": "e418aeb728b6aa5ca8c5c71974e7159c2df1d8cf",
        "type": "github"
      },
      "original": {
        "owner": "zhaofengli",
        "ref": "matrix-name",
        "repo": "nix-github-actions",
        "type": "github"
      }
    },
    "nixos-hardware": {
      "locked": {
        "lastModified": 1746468201,
        "narHash": "sha256-hSOSlrvMJwGr8hX/gc0mnhUf5UIClMDUAadfXlSXzfc=",
        "owner": "NixOS",
        "repo": "nixos-hardware",
        "rev": "6aabf68429c0a414221d1790945babfb6a0bd068",
        "type": "github"
      },
      "original": {
        "owner": "NixOS",
        "ref": "master",
        "repo": "nixos-hardware",
        "type": "github"
      }
    },
    "nixpkgs": {
      "locked": {
        "lastModified": 1745391562,
        "narHash": "sha256-sPwcCYuiEopaafePqlG826tBhctuJsLx/mhKKM5Fmjo=",
        "owner": "NixOS",
        "repo": "nixpkgs",
        "rev": "8a2f738d9d1f1d986b5a4cd2fd2061a7127237d7",
        "type": "github"
      },
      "original": {
        "owner": "NixOS",
        "ref": "nixos-unstable",
        "repo": "nixpkgs",
        "type": "github"
      }
    },
    "nixpkgs-24_05": {
      "locked": {
        "lastModified": 1735563628,
        "narHash": "sha256-OnSAY7XDSx7CtDoqNh8jwVwh4xNL/2HaJxGjryLWzX8=",
        "owner": "NixOS",
        "repo": "nixpkgs",
        "rev": "b134951a4c9f3c995fd7be05f3243f8ecd65d798",
        "type": "github"
      },
      "original": {
        "owner": "NixOS",
        "ref": "nixos-24.05",
        "repo": "nixpkgs",
        "type": "github"
      }
    },
    "nixpkgs-24_11": {
      "locked": {
        "lastModified": 1746422338,
        "narHash": "sha256-NTtKOTLQv6dPfRe00OGSywg37A1FYqldS6xiNmqBUYc=",
        "owner": "NixOS",
        "repo": "nixpkgs",
        "rev": "5b35d248e9206c1f3baf8de6a7683fee126364aa",
        "type": "github"
      },
      "original": {
        "owner": "NixOS",
        "ref": "nixos-24.11",
        "repo": "nixpkgs",
        "type": "github"
      }
    },
    "nixpkgs-lib": {
      "locked": {
        "lastModified": 1743296961,
        "narHash": "sha256-b1EdN3cULCqtorQ4QeWgLMrd5ZGOjLSLemfa00heasc=",
        "owner": "nix-community",
        "repo": "nixpkgs.lib",
        "rev": "e4822aea2a6d1cdd36653c134cacfd64c97ff4fa",
        "type": "github"
      },
      "original": {
        "owner": "nix-community",
        "repo": "nixpkgs.lib",
        "type": "github"
      }
    },
    "nixpkgs-lib_2": {
      "locked": {
        "lastModified": 1743296961,
        "narHash": "sha256-b1EdN3cULCqtorQ4QeWgLMrd5ZGOjLSLemfa00heasc=",
        "owner": "nix-community",
        "repo": "nixpkgs.lib",
        "rev": "e4822aea2a6d1cdd36653c134cacfd64c97ff4fa",
        "type": "github"
      },
      "original": {
        "owner": "nix-community",
        "repo": "nixpkgs.lib",
        "type": "github"
      }
    },
    "nixpkgs_2": {
      "locked": {
        "lastModified": 1744463964,
        "narHash": "sha256-LWqduOgLHCFxiTNYi3Uj5Lgz0SR+Xhw3kr/3Xd0GPTM=",
        "owner": "NixOS",
        "repo": "nixpkgs",
        "rev": "2631b0b7abcea6e640ce31cd78ea58910d31e650",
        "type": "github"
      },
      "original": {
        "owner": "NixOS",
        "ref": "nixos-unstable",
        "repo": "nixpkgs",
        "type": "github"
      }
    },
    "nixpkgs_3": {
      "locked": {
        "lastModified": 1746328495,
        "narHash": "sha256-uKCfuDs7ZM3QpCE/jnfubTg459CnKnJG/LwqEVEdEiw=",
        "owner": "NixOS",
        "repo": "nixpkgs",
        "rev": "979daf34c8cacebcd917d540070b52a3c2b9b16e",
        "type": "github"
      },
      "original": {
        "owner": "NixOS",
        "ref": "nixos-unstable",
        "repo": "nixpkgs",
        "type": "github"
      }
    },
    "nixpkgs_4": {
      "locked": {
        "lastModified": 1746461020,
        "narHash": "sha256-7+pG1I9jvxNlmln4YgnlW4o+w0TZX24k688mibiFDUE=",
        "owner": "NixOS",
        "repo": "nixpkgs",
        "rev": "3730d8a308f94996a9ba7c7138ede69c1b9ac4ae",
        "type": "github"
      },
      "original": {
        "owner": "NixOS",
        "ref": "nixos-unstable",
        "repo": "nixpkgs",
        "type": "github"
      }
    },
    "nixpkgs_5": {
      "locked": {
        "lastModified": 1746328495,
        "narHash": "sha256-uKCfuDs7ZM3QpCE/jnfubTg459CnKnJG/LwqEVEdEiw=",
        "owner": "NixOS",
        "repo": "nixpkgs",
        "rev": "979daf34c8cacebcd917d540070b52a3c2b9b16e",
        "type": "github"
      },
      "original": {
        "owner": "NixOS",
        "ref": "nixos-unstable",
        "repo": "nixpkgs",
        "type": "github"
      }
    },
    "nixpkgs_6": {
      "locked": {
        "lastModified": 1746461020,
        "narHash": "sha256-7+pG1I9jvxNlmln4YgnlW4o+w0TZX24k688mibiFDUE=",
        "owner": "nixos",
        "repo": "nixpkgs",
        "rev": "3730d8a308f94996a9ba7c7138ede69c1b9ac4ae",
        "type": "github"
      },
      "original": {
        "owner": "nixos",
        "ref": "nixos-unstable",
        "repo": "nixpkgs",
        "type": "github"
      }
    },
    "nixpkgs_7": {
      "locked": {
        "lastModified": 1744511788,
        "narHash": "sha256-5PVswSsunWhzi6mBwOvuCCUBK+ggcB/idSWCaXvVvr8=",
        "owner": "nix-community",
        "repo": "nixpkgs.lib",
        "rev": "022a1e186f42079dba4f00376697158e068abd79",
        "type": "github"
      },
      "original": {
        "owner": "nix-community",
        "repo": "nixpkgs.lib",
        "type": "github"
      }
    },
    "nixvim": {
      "inputs": {
        "flake-parts": "flake-parts_2",
        "nixpkgs": [
          "nixpkgs"
        ],
        "nuschtosSearch": "nuschtosSearch"
      },
      "locked": {
        "lastModified": 1746879234,
        "narHash": "sha256-L5pwOBj/qAMhCC5QXmWSw8QrcL26bNztwpLhONaFfd8=",
        "owner": "nix-community",
        "repo": "nixvim",
        "rev": "e527939f79caa0636c7d5331e4e6c70857a1fbe0",
        "type": "github"
      },
      "original": {
        "owner": "nix-community",
        "repo": "nixvim",
        "type": "github"
      }
    },
    "nixvim_2": {
      "inputs": {
        "flake-parts": "flake-parts_5",
        "nixpkgs": [
          "nxchad",
          "nixpkgs"
        ],
        "nuschtosSearch": "nuschtosSearch_2"
      },
      "locked": {
        "lastModified": 1745593478,
        "narHash": "sha256-GV0YnG6ZLW+BDsEKS2rjTtKcfTcTbdlVaf0ESQDBsK8=",
        "owner": "nix-community",
        "repo": "nixvim",
        "rev": "b72ba2e4e2af53269a19b99bf684480f3ad4a78f",
        "type": "github"
      },
      "original": {
        "owner": "nix-community",
        "repo": "nixvim",
        "type": "github"
      }
    },
    "nur": {
      "inputs": {
        "flake-parts": "flake-parts_3",
        "nixpkgs": "nixpkgs_6",
        "treefmt-nix": "treefmt-nix"
      },
      "locked": {
        "lastModified": 1746700024,
        "narHash": "sha256-+Oo5wlOZ7XzZnOVFN2gdC3XUEhxXE36sDWPLxHa2D84=",
        "owner": "nix-community",
        "repo": "nur",
        "rev": "0cb029dc574a43fd63b9a7ade5a6afb8a843d281",
        "type": "github"
      },
      "original": {
        "owner": "nix-community",
        "repo": "nur",
        "type": "github"
      }
    },
    "nuschtosSearch": {
      "inputs": {
        "flake-utils": "flake-utils_2",
        "ixx": "ixx",
        "nixpkgs": [
          "nixvim",
          "nixpkgs"
        ]
      },
      "locked": {
        "lastModified": 1745046075,
        "narHash": "sha256-8v4y6k16Ra/fiecb4DxhsoOGtzLKgKlS+9/XJ9z0T2I=",
        "owner": "NuschtOS",
        "repo": "search",
        "rev": "066afe8643274470f4a294442aadd988356a478f",
        "type": "github"
      },
      "original": {
        "owner": "NuschtOS",
        "repo": "search",
        "type": "github"
      }
    },
    "nuschtosSearch_2": {
      "inputs": {
        "flake-utils": "flake-utils_3",
        "ixx": "ixx_2",
        "nixpkgs": [
          "nxchad",
          "nixvim",
          "nixpkgs"
        ]
      },
      "locked": {
        "lastModified": 1745046075,
        "narHash": "sha256-8v4y6k16Ra/fiecb4DxhsoOGtzLKgKlS+9/XJ9z0T2I=",
        "owner": "NuschtOS",
        "repo": "search",
        "rev": "066afe8643274470f4a294442aadd988356a478f",
        "type": "github"
      },
      "original": {
        "owner": "NuschtOS",
        "repo": "search",
        "type": "github"
      }
    },
    "nxchad": {
      "inputs": {
        "flake-parts": "flake-parts_4",
        "fmway-nix": "fmway-nix_2",
        "nixpkgs": [
          "nixpkgs"
        ],
        "nixvim": "nixvim_2",
        "systems": "systems_6"
      },
      "locked": {
        "lastModified": 1746841804,
        "narHash": "sha256-xntjZ3ODRyz7n1NIHq/o2M++G6TqELeU9furaakjLLk=",
        "owner": "fmway",
        "repo": "nxchad",
        "rev": "42a4f21da83543ee82455414003c27f271f5dc58",
        "type": "github"
      },
      "original": {
        "owner": "fmway",
        "repo": "nxchad",
        "type": "github"
      }
    },
    "root": {
      "inputs": {
        "agenix": "agenix",
        "catppuccin": "catppuccin",
        "chaotic": "chaotic",
        "disko": "disko",
        "encore": "encore",
        "flake-parts": "flake-parts",
        "fmpkgs": "fmpkgs",
        "fmway-nix": "fmway-nix",
        "h-m-m": "h-m-m",
        "home-manager": "home-manager_3",
        "master": "master",
        "nixos-hardware": "nixos-hardware",
        "nixpkgs": "nixpkgs_5",
        "nixpkgs-24_05": "nixpkgs-24_05",
        "nixpkgs-24_11": "nixpkgs-24_11",
        "nixvim": "nixvim",
        "nur": "nur",
        "nxchad": "nxchad",
        "systems": "systems_7"
      }
    },
    "rust-analyzer-src": {
      "flake": false,
      "locked": {
        "lastModified": 1745949276,
        "narHash": "sha256-9ZK31t2HUiGdLLnDafrRnSrrO12JwqcAFbrJ9nRwh0Y=",
        "owner": "rust-lang",
        "repo": "rust-analyzer",
        "rev": "78a488dd5e7e4f17162001519665795e6e68b6f8",
        "type": "github"
      },
      "original": {
        "owner": "rust-lang",
        "ref": "nightly",
        "repo": "rust-analyzer",
        "type": "github"
      }
    },
    "systems": {
      "locked": {
        "lastModified": 1681028828,
        "narHash": "sha256-Vy1rq5AaRuLzOxct8nz4T6wlgyUR7zLU309k9mBC768=",
        "owner": "nix-systems",
        "repo": "default",
        "rev": "da67096a3b9bf56a91d16901293e51ba5b49a27e",
        "type": "github"
      },
      "original": {
        "owner": "nix-systems",
        "repo": "default",
        "type": "github"
      }
    },
    "systems_2": {
      "locked": {
        "lastModified": 1681028828,
        "narHash": "sha256-Vy1rq5AaRuLzOxct8nz4T6wlgyUR7zLU309k9mBC768=",
        "owner": "nix-systems",
        "repo": "default",
        "rev": "da67096a3b9bf56a91d16901293e51ba5b49a27e",
        "type": "github"
      },
      "original": {
        "owner": "nix-systems",
        "repo": "default",
        "type": "github"
      }
    },
    "systems_3": {
      "locked": {
        "lastModified": 1681028828,
        "narHash": "sha256-Vy1rq5AaRuLzOxct8nz4T6wlgyUR7zLU309k9mBC768=",
        "owner": "nix-systems",
        "repo": "default",
        "rev": "da67096a3b9bf56a91d16901293e51ba5b49a27e",
        "type": "github"
      },
      "original": {
        "owner": "nix-systems",
        "repo": "default",
        "type": "github"
      }
    },
    "systems_4": {
      "locked": {
        "lastModified": 1681028828,
        "narHash": "sha256-Vy1rq5AaRuLzOxct8nz4T6wlgyUR7zLU309k9mBC768=",
        "owner": "nix-systems",
        "repo": "default",
        "rev": "da67096a3b9bf56a91d16901293e51ba5b49a27e",
        "type": "github"
      },
      "original": {
        "owner": "nix-systems",
        "repo": "default",
        "type": "github"
      }
    },
    "systems_5": {
      "locked": {
        "lastModified": 1681028828,
        "narHash": "sha256-Vy1rq5AaRuLzOxct8nz4T6wlgyUR7zLU309k9mBC768=",
        "owner": "nix-systems",
        "repo": "default",
        "rev": "da67096a3b9bf56a91d16901293e51ba5b49a27e",
        "type": "github"
      },
      "original": {
        "owner": "nix-systems",
        "repo": "default",
        "type": "github"
      }
    },
    "systems_6": {
      "locked": {
        "lastModified": 1681028828,
        "narHash": "sha256-Vy1rq5AaRuLzOxct8nz4T6wlgyUR7zLU309k9mBC768=",
        "owner": "nix-systems",
        "repo": "default",
        "rev": "da67096a3b9bf56a91d16901293e51ba5b49a27e",
        "type": "github"
      },
      "original": {
        "owner": "nix-systems",
        "repo": "default",
        "type": "github"
      }
    },
    "systems_7": {
      "locked": {
        "lastModified": 1681028828,
        "narHash": "sha256-Vy1rq5AaRuLzOxct8nz4T6wlgyUR7zLU309k9mBC768=",
        "owner": "nix-systems",
        "repo": "default",
        "rev": "da67096a3b9bf56a91d16901293e51ba5b49a27e",
        "type": "github"
      },
      "original": {
        "owner": "nix-systems",
        "repo": "default",
        "type": "github"
      }
    },
    "treefmt-nix": {
      "inputs": {
        "nixpkgs": [
          "nur",
          "nixpkgs"
        ]
      },
      "locked": {
        "lastModified": 1733222881,
        "narHash": "sha256-JIPcz1PrpXUCbaccEnrcUS8jjEb/1vJbZz5KkobyFdM=",
        "owner": "numtide",
        "repo": "treefmt-nix",
        "rev": "49717b5af6f80172275d47a418c9719a31a78b53",
        "type": "github"
      },
      "original": {
        "owner": "numtide",
        "repo": "treefmt-nix",
        "type": "github"
      }
    }
  },
  "root": "root",
  "version": 7
}
